# THIS IS AN AUTOGENERATED FILE. DO NOT EDIT THIS FILE DIRECTLY.
# yarn lockfile v1


"@babel/code-frame@^7.0.0":
  version "7.0.0"
  resolved "http://npm.meitu-int.com/@babel%2fcode-frame/-/code-frame-7.0.0.tgz#06e2ab19bdb535385559aabb5ba59729482800f8"
  dependencies:
    "@babel/highlight" "^7.0.0"

"@babel/core@^7.0.0":
  version "7.2.2"
  resolved "http://npm.meitu-int.com/@babel%2fcore/-/core-7.2.2.tgz#07adba6dde27bb5ad8d8672f15fde3e08184a687"
  dependencies:
    "@babel/code-frame" "^7.0.0"
    "@babel/generator" "^7.2.2"
    "@babel/helpers" "^7.2.0"
    "@babel/parser" "^7.2.2"
    "@babel/template" "^7.2.2"
    "@babel/traverse" "^7.2.2"
    "@babel/types" "^7.2.2"
    convert-source-map "^1.1.0"
    debug "^4.1.0"
    json5 "^2.1.0"
    lodash "^4.17.10"
    resolve "^1.3.2"
    semver "^5.4.1"
    source-map "^0.5.0"

"@babel/generator@^7.2.2":
  version "7.2.2"
  resolved "http://npm.meitu-int.com/@babel%2fgenerator/-/generator-7.2.2.tgz#18c816c70962640eab42fe8cae5f3947a5c65ccc"
  dependencies:
    "@babel/types" "^7.2.2"
    jsesc "^2.5.1"
    lodash "^4.17.10"
    source-map "^0.5.0"
    trim-right "^1.0.1"

"@babel/helper-function-name@^7.1.0":
  version "7.1.0"
  resolved "http://npm.meitu-int.com/@babel%2fhelper-function-name/-/helper-function-name-7.1.0.tgz#a0ceb01685f73355d4360c1247f582bfafc8ff53"
  dependencies:
    "@babel/helper-get-function-arity" "^7.0.0"
    "@babel/template" "^7.1.0"
    "@babel/types" "^7.0.0"

"@babel/helper-get-function-arity@^7.0.0":
  version "7.0.0"
  resolved "http://npm.meitu-int.com/@babel%2fhelper-get-function-arity/-/helper-get-function-arity-7.0.0.tgz#83572d4320e2a4657263734113c42868b64e49c3"
  dependencies:
    "@babel/types" "^7.0.0"

"@babel/helper-split-export-declaration@^7.0.0":
  version "7.0.0"
  resolved "http://npm.meitu-int.com/@babel%2fhelper-split-export-declaration/-/helper-split-export-declaration-7.0.0.tgz#3aae285c0311c2ab095d997b8c9a94cad547d813"
  dependencies:
    "@babel/types" "^7.0.0"

"@babel/helpers@^7.2.0":
  version "7.2.0"
  resolved "http://npm.meitu-int.com/@babel%2fhelpers/-/helpers-7.2.0.tgz#8335f3140f3144270dc63c4732a4f8b0a50b7a21"
  dependencies:
    "@babel/template" "^7.1.2"
    "@babel/traverse" "^7.1.5"
    "@babel/types" "^7.2.0"

"@babel/highlight@^7.0.0":
  version "7.0.0"
  resolved "http://npm.meitu-int.com/@babel%2fhighlight/-/highlight-7.0.0.tgz#f710c38c8d458e6dd9a201afb637fcb781ce99e4"
  dependencies:
    chalk "^2.0.0"
    esutils "^2.0.2"
    js-tokens "^4.0.0"

"@babel/parser@^7.2.2", "@babel/parser@^7.2.3":
  version "7.2.3"
  resolved "http://npm.meitu-int.com/@babel%2fparser/-/parser-7.2.3.tgz#32f5df65744b70888d17872ec106b02434ba1489"

"@babel/template@^7.1.0", "@babel/template@^7.1.2", "@babel/template@^7.2.2":
  version "7.2.2"
  resolved "http://npm.meitu-int.com/@babel%2ftemplate/-/template-7.2.2.tgz#005b3fdf0ed96e88041330379e0da9a708eb2907"
  dependencies:
    "@babel/code-frame" "^7.0.0"
    "@babel/parser" "^7.2.2"
    "@babel/types" "^7.2.2"

"@babel/traverse@^7.1.5", "@babel/traverse@^7.2.2":
  version "7.2.3"
  resolved "http://npm.meitu-int.com/@babel%2ftraverse/-/traverse-7.2.3.tgz#7ff50cefa9c7c0bd2d81231fdac122f3957748d8"
  dependencies:
    "@babel/code-frame" "^7.0.0"
    "@babel/generator" "^7.2.2"
    "@babel/helper-function-name" "^7.1.0"
    "@babel/helper-split-export-declaration" "^7.0.0"
    "@babel/parser" "^7.2.3"
    "@babel/types" "^7.2.2"
    debug "^4.1.0"
    globals "^11.1.0"
    lodash "^4.17.10"

"@babel/types@^7.0.0", "@babel/types@^7.2.0", "@babel/types@^7.2.2":
  version "7.2.2"
  resolved "http://npm.meitu-int.com/@babel%2ftypes/-/types-7.2.2.tgz#44e10fc24e33af524488b716cdaee5360ea8ed1e"
  dependencies:
    esutils "^2.0.2"
    lodash "^4.17.10"
    to-fast-properties "^2.0.0"

"@comandeer/babel-plugin-banner@^4.0.0":
  version "4.1.0"
  resolved "http://npm.meitu-int.com/@comandeer%2fbabel-plugin-banner/-/babel-plugin-banner-4.1.0.tgz#5f9f22f3ba5a4e87d0c972c402f039c6eeffc079"

ansi-styles@^3.1.0:
  version "3.2.0"
  resolved "https://registry.yarnpkg.com/ansi-styles/-/ansi-styles-3.2.0.tgz#c159b8d5be0f9e5a6f346dab94f16ce022161b88"
  dependencies:
    color-convert "^1.9.0"

arr-diff@^2.0.0:
  version "2.0.0"
  resolved "https://registry.yarnpkg.com/arr-diff/-/arr-diff-2.0.0.tgz#8f3b827f955a8bd669697e4a4256ac3ceae356cf"
  dependencies:
    arr-flatten "^1.0.1"

arr-flatten@^1.0.1:
  version "1.1.0"
  resolved "https://registry.yarnpkg.com/arr-flatten/-/arr-flatten-1.1.0.tgz#36048bbff4e7b47e136644316c99669ea5ae91f1"

array-unique@^0.2.1:
  version "0.2.1"
  resolved "https://registry.yarnpkg.com/array-unique/-/array-unique-0.2.1.tgz#a1d97ccafcbc2625cc70fadceb36a50c58b01a53"

babel-helper-evaluate-path@^0.5.0:
  version "0.5.0"
  resolved "http://npm.meitu-int.com/babel-helper-evaluate-path/-/babel-helper-evaluate-path-0.5.0.tgz#a62fa9c4e64ff7ea5cea9353174ef023a900a67c"

babel-helper-flip-expressions@^0.4.3:
  version "0.4.3"
  resolved "http://npm.meitu-int.com/babel-helper-flip-expressions/-/babel-helper-flip-expressions-0.4.3.tgz#3696736a128ac18bc25254b5f40a22ceb3c1d3fd"

babel-helper-is-nodes-equiv@^0.0.1:
  version "0.0.1"
  resolved "http://npm.meitu-int.com/babel-helper-is-nodes-equiv/-/babel-helper-is-nodes-equiv-0.0.1.tgz#34e9b300b1479ddd98ec77ea0bbe9342dfe39684"

babel-helper-is-void-0@^0.4.3:
  version "0.4.3"
  resolved "http://npm.meitu-int.com/babel-helper-is-void-0/-/babel-helper-is-void-0-0.4.3.tgz#7d9c01b4561e7b95dbda0f6eee48f5b60e67313e"

babel-helper-mark-eval-scopes@^0.4.3:
  version "0.4.3"
  resolved "http://npm.meitu-int.com/babel-helper-mark-eval-scopes/-/babel-helper-mark-eval-scopes-0.4.3.tgz#d244a3bef9844872603ffb46e22ce8acdf551562"

babel-helper-remove-or-void@^0.4.3:
  version "0.4.3"
  resolved "http://npm.meitu-int.com/babel-helper-remove-or-void/-/babel-helper-remove-or-void-0.4.3.tgz#a4f03b40077a0ffe88e45d07010dee241ff5ae60"

babel-helper-to-multiple-sequence-expressions@^0.5.0:
  version "0.5.0"
  resolved "http://npm.meitu-int.com/babel-helper-to-multiple-sequence-expressions/-/babel-helper-to-multiple-sequence-expressions-0.5.0.tgz#a3f924e3561882d42fcf48907aa98f7979a4588d"

babel-plugin-minify-builtins@^0.5.0:
  version "0.5.0"
  resolved "http://npm.meitu-int.com/babel-plugin-minify-builtins/-/babel-plugin-minify-builtins-0.5.0.tgz#31eb82ed1a0d0efdc31312f93b6e4741ce82c36b"

babel-plugin-minify-constant-folding@^0.5.0:
  version "0.5.0"
  resolved "http://npm.meitu-int.com/babel-plugin-minify-constant-folding/-/babel-plugin-minify-constant-folding-0.5.0.tgz#f84bc8dbf6a561e5e350ff95ae216b0ad5515b6e"
  dependencies:
    babel-helper-evaluate-path "^0.5.0"

babel-plugin-minify-dead-code-elimination@^0.5.0:
  version "0.5.0"
  resolved "http://npm.meitu-int.com/babel-plugin-minify-dead-code-elimination/-/babel-plugin-minify-dead-code-elimination-0.5.0.tgz#d23ef5445238ad06e8addf5c1cf6aec835bcda87"
  dependencies:
    babel-helper-evaluate-path "^0.5.0"
    babel-helper-mark-eval-scopes "^0.4.3"
    babel-helper-remove-or-void "^0.4.3"
    lodash.some "^4.6.0"

babel-plugin-minify-flip-comparisons@^0.4.3:
  version "0.4.3"
  resolved "http://npm.meitu-int.com/babel-plugin-minify-flip-comparisons/-/babel-plugin-minify-flip-comparisons-0.4.3.tgz#00ca870cb8f13b45c038b3c1ebc0f227293c965a"
  dependencies:
    babel-helper-is-void-0 "^0.4.3"

babel-plugin-minify-guarded-expressions@^0.4.3:
  version "0.4.3"
  resolved "http://npm.meitu-int.com/babel-plugin-minify-guarded-expressions/-/babel-plugin-minify-guarded-expressions-0.4.3.tgz#cc709b4453fd21b1f302877444c89f88427ce397"
  dependencies:
    babel-helper-flip-expressions "^0.4.3"

babel-plugin-minify-infinity@^0.4.3:
  version "0.4.3"
  resolved "http://npm.meitu-int.com/babel-plugin-minify-infinity/-/babel-plugin-minify-infinity-0.4.3.tgz#dfb876a1b08a06576384ef3f92e653ba607b39ca"

babel-plugin-minify-mangle-names@^0.5.0:
  version "0.5.0"
  resolved "http://npm.meitu-int.com/babel-plugin-minify-mangle-names/-/babel-plugin-minify-mangle-names-0.5.0.tgz#bcddb507c91d2c99e138bd6b17a19c3c271e3fd3"
  dependencies:
    babel-helper-mark-eval-scopes "^0.4.3"

babel-plugin-minify-numeric-literals@^0.4.3:
  version "0.4.3"
  resolved "http://npm.meitu-int.com/babel-plugin-minify-numeric-literals/-/babel-plugin-minify-numeric-literals-0.4.3.tgz#8e4fd561c79f7801286ff60e8c5fd9deee93c0bc"

babel-plugin-minify-replace@^0.5.0:
  version "0.5.0"
  resolved "http://npm.meitu-int.com/babel-plugin-minify-replace/-/babel-plugin-minify-replace-0.5.0.tgz#d3e2c9946c9096c070efc96761ce288ec5c3f71c"

babel-plugin-minify-simplify@^0.5.0:
  version "0.5.0"
  resolved "http://npm.meitu-int.com/babel-plugin-minify-simplify/-/babel-plugin-minify-simplify-0.5.0.tgz#1f090018afb90d8b54d3d027fd8a4927f243da6f"
  dependencies:
    babel-helper-flip-expressions "^0.4.3"
    babel-helper-is-nodes-equiv "^0.0.1"
    babel-helper-to-multiple-sequence-expressions "^0.5.0"

babel-plugin-minify-type-constructors@^0.4.3:
  version "0.4.3"
  resolved "http://npm.meitu-int.com/babel-plugin-minify-type-constructors/-/babel-plugin-minify-type-constructors-0.4.3.tgz#1bc6f15b87f7ab1085d42b330b717657a2156500"
  dependencies:
    babel-helper-is-void-0 "^0.4.3"

babel-plugin-transform-inline-consecutive-adds@^0.4.3:
  version "0.4.3"
  resolved "http://npm.meitu-int.com/babel-plugin-transform-inline-consecutive-adds/-/babel-plugin-transform-inline-consecutive-adds-0.4.3.tgz#323d47a3ea63a83a7ac3c811ae8e6941faf2b0d1"

babel-plugin-transform-member-expression-literals@^6.9.4:
  version "6.9.4"
  resolved "http://npm.meitu-int.com/babel-plugin-transform-member-expression-literals/-/babel-plugin-transform-member-expression-literals-6.9.4.tgz#37039c9a0c3313a39495faac2ff3a6b5b9d038bf"

babel-plugin-transform-merge-sibling-variables@^6.9.4:
  version "6.9.4"
  resolved "http://npm.meitu-int.com/babel-plugin-transform-merge-sibling-variables/-/babel-plugin-transform-merge-sibling-variables-6.9.4.tgz#85b422fc3377b449c9d1cde44087203532401dae"

babel-plugin-transform-minify-booleans@^6.9.4:
  version "6.9.4"
  resolved "http://npm.meitu-int.com/babel-plugin-transform-minify-booleans/-/babel-plugin-transform-minify-booleans-6.9.4.tgz#acbb3e56a3555dd23928e4b582d285162dd2b198"

babel-plugin-transform-property-literals@^6.9.4:
  version "6.9.4"
  resolved "http://npm.meitu-int.com/babel-plugin-transform-property-literals/-/babel-plugin-transform-property-literals-6.9.4.tgz#98c1d21e255736573f93ece54459f6ce24985d39"
  dependencies:
    esutils "^2.0.2"

babel-plugin-transform-regexp-constructors@^0.4.3:
  version "0.4.3"
  resolved "http://npm.meitu-int.com/babel-plugin-transform-regexp-constructors/-/babel-plugin-transform-regexp-constructors-0.4.3.tgz#58b7775b63afcf33328fae9a5f88fbd4fb0b4965"

babel-plugin-transform-remove-console@^6.9.4:
  version "6.9.4"
  resolved "http://npm.meitu-int.com/babel-plugin-transform-remove-console/-/babel-plugin-transform-remove-console-6.9.4.tgz#b980360c067384e24b357a588d807d3c83527780"

babel-plugin-transform-remove-debugger@^6.9.4:
  version "6.9.4"
  resolved "http://npm.meitu-int.com/babel-plugin-transform-remove-debugger/-/babel-plugin-transform-remove-debugger-6.9.4.tgz#42b727631c97978e1eb2d199a7aec84a18339ef2"

babel-plugin-transform-remove-undefined@^0.5.0:
  version "0.5.0"
  resolved "http://npm.meitu-int.com/babel-plugin-transform-remove-undefined/-/babel-plugin-transform-remove-undefined-0.5.0.tgz#80208b31225766c630c97fa2d288952056ea22dd"
  dependencies:
    babel-helper-evaluate-path "^0.5.0"

babel-plugin-transform-simplify-comparison-operators@^6.9.4:
  version "6.9.4"
  resolved "http://npm.meitu-int.com/babel-plugin-transform-simplify-comparison-operators/-/babel-plugin-transform-simplify-comparison-operators-6.9.4.tgz#f62afe096cab0e1f68a2d753fdf283888471ceb9"

babel-plugin-transform-undefined-to-void@^6.9.4:
  version "6.9.4"
  resolved "http://npm.meitu-int.com/babel-plugin-transform-undefined-to-void/-/babel-plugin-transform-undefined-to-void-6.9.4.tgz#be241ca81404030678b748717322b89d0c8fe280"

babel-preset-minify@^0.5.0:
  version "0.5.0"
  resolved "http://npm.meitu-int.com/babel-preset-minify/-/babel-preset-minify-0.5.0.tgz#e25bb8d3590087af02b650967159a77c19bfb96b"
  dependencies:
    babel-plugin-minify-builtins "^0.5.0"
    babel-plugin-minify-constant-folding "^0.5.0"
    babel-plugin-minify-dead-code-elimination "^0.5.0"
    babel-plugin-minify-flip-comparisons "^0.4.3"
    babel-plugin-minify-guarded-expressions "^0.4.3"
    babel-plugin-minify-infinity "^0.4.3"
    babel-plugin-minify-mangle-names "^0.5.0"
    babel-plugin-minify-numeric-literals "^0.4.3"
    babel-plugin-minify-replace "^0.5.0"
    babel-plugin-minify-simplify "^0.5.0"
    babel-plugin-minify-type-constructors "^0.4.3"
    babel-plugin-transform-inline-consecutive-adds "^0.4.3"
    babel-plugin-transform-member-expression-literals "^6.9.4"
    babel-plugin-transform-merge-sibling-variables "^6.9.4"
    babel-plugin-transform-minify-booleans "^6.9.4"
    babel-plugin-transform-property-literals "^6.9.4"
    babel-plugin-transform-regexp-constructors "^0.4.3"
    babel-plugin-transform-remove-console "^6.9.4"
    babel-plugin-transform-remove-debugger "^6.9.4"
    babel-plugin-transform-remove-undefined "^0.5.0"
    babel-plugin-transform-simplify-comparison-operators "^6.9.4"
    babel-plugin-transform-undefined-to-void "^6.9.4"
    lodash.isplainobject "^4.0.6"

balanced-match@^1.0.0:
  version "1.0.0"
  resolved "https://registry.yarnpkg.com/balanced-match/-/balanced-match-1.0.0.tgz#89b4d199ab2bee49de164ea02b89ce462d71b767"

brace-expansion@^1.1.7:
  version "1.1.8"
  resolved "https://registry.yarnpkg.com/brace-expansion/-/brace-expansion-1.1.8.tgz#c07b211c7c952ec1f8efd51a77ef0d1d3990a292"
  dependencies:
    balanced-match "^1.0.0"
    concat-map "0.0.1"

braces@^1.8.2:
  version "1.8.5"
  resolved "https://registry.yarnpkg.com/braces/-/braces-1.8.5.tgz#ba77962e12dff969d6b76711e914b737857bf6a7"
  dependencies:
    expand-range "^1.8.1"
    preserve "^0.2.0"
    repeat-element "^1.1.2"

browser-resolve@^1.11.0:
  version "1.11.2"
  resolved "https://registry.yarnpkg.com/browser-resolve/-/browser-resolve-1.11.2.tgz#8ff09b0a2c421718a1051c260b32e48f442938ce"
  dependencies:
    resolve "1.1.7"

browser-stdout@1.3.0:
  version "1.3.0"
  resolved "https://registry.yarnpkg.com/browser-stdout/-/browser-stdout-1.3.0.tgz#f351d32969d32fa5d7a5567154263d928ae3bd1f"

builtin-modules@^1.1.0:
  version "1.1.1"
  resolved "https://registry.yarnpkg.com/builtin-modules/-/builtin-modules-1.1.1.tgz#270f076c5a72c02f5b65a47df94c5fe3a278892f"

chalk@^2.0.0:
  version "2.1.0"
  resolved "https://registry.yarnpkg.com/chalk/-/chalk-2.1.0.tgz#ac5becf14fa21b99c6c92ca7a7d7cfd5b17e743e"
  dependencies:
    ansi-styles "^3.1.0"
    escape-string-regexp "^1.0.5"
    supports-color "^4.0.0"

color-convert@^1.9.0:
  version "1.9.0"
  resolved "https://registry.yarnpkg.com/color-convert/-/color-convert-1.9.0.tgz#1accf97dd739b983bf994d56fec8f95853641b7a"
  dependencies:
    color-name "^1.1.1"

color-name@^1.1.1:
  version "1.1.3"
  resolved "https://registry.yarnpkg.com/color-name/-/color-name-1.1.3.tgz#a7d0558bd89c42f795dd42328f740831ca53bc25"

commander@2.9.0:
  version "2.9.0"
  resolved "https://registry.yarnpkg.com/commander/-/commander-2.9.0.tgz#9c99094176e12240cb22d6c5146098400fe0f7d4"
  dependencies:
    graceful-readlink ">= 1.0.0"

concat-map@0.0.1:
  version "0.0.1"
  resolved "https://registry.yarnpkg.com/concat-map/-/concat-map-0.0.1.tgz#d8a96bd77fd68df7793a73036a3ba0d5405d477b"

convert-source-map@^1.1.0:
  version "1.6.0"
  resolved "http://npm.meitu-int.com/convert-source-map/-/convert-source-map-1.6.0.tgz#51b537a8c43e0f04dec1993bffcdd504e758ac20"
  dependencies:
    safe-buffer "~5.1.1"

debug@2.6.8:
  version "2.6.8"
  resolved "https://registry.yarnpkg.com/debug/-/debug-2.6.8.tgz#e731531ca2ede27d188222427da17821d68ff4fc"
  dependencies:
    ms "2.0.0"

debug@^4.1.0:
  version "4.1.1"
  resolved "http://npm.meitu-int.com/debug/-/debug-4.1.1.tgz#3b72260255109c6b589cee050f1d516139664791"
  dependencies:
    ms "^2.1.1"

diff@3.2.0:
  version "3.2.0"
  resolved "https://registry.yarnpkg.com/diff/-/diff-3.2.0.tgz#c9ce393a4b7cbd0b058a725c93df299027868ff9"

escape-string-regexp@1.0.5, escape-string-regexp@^1.0.5:
  version "1.0.5"
  resolved "https://registry.yarnpkg.com/escape-string-regexp/-/escape-string-regexp-1.0.5.tgz#1b61c0562190a8dff6ae3bb2cf0200ca130b86d4"

estree-walker@^0.5.2:
  version "0.5.2"
  resolved "http://npm.meitu-int.com/estree-walker/-/estree-walker-0.5.2.tgz#d3850be7529c9580d815600b53126515e146dd39"

esutils@^2.0.2:
  version "2.0.2"
  resolved "https://registry.yarnpkg.com/esutils/-/esutils-2.0.2.tgz#0abf4f1caa5bcb1f7a9d8acc6dea4faaa04bac9b"

expand-brackets@^0.1.4:
  version "0.1.5"
  resolved "https://registry.yarnpkg.com/expand-brackets/-/expand-brackets-0.1.5.tgz#df07284e342a807cd733ac5af72411e581d1177b"
  dependencies:
    is-posix-bracket "^0.1.0"

expand-range@^1.8.1:
  version "1.8.2"
  resolved "https://registry.yarnpkg.com/expand-range/-/expand-range-1.8.2.tgz#a299effd335fe2721ebae8e257ec79644fc85337"
  dependencies:
    fill-range "^2.1.0"

expect.js:
  version "0.3.1"
  resolved "https://registry.yarnpkg.com/expect.js/-/expect.js-0.3.1.tgz#b0a59a0d2eff5437544ebf0ceaa6015841d09b5b"

extglob@^0.3.1:
  version "0.3.2"
  resolved "https://registry.yarnpkg.com/extglob/-/extglob-0.3.2.tgz#2e18ff3d2f49ab2765cec9023f011daa8d8349a1"
  dependencies:
    is-extglob "^1.0.0"

filename-regex@^2.0.0:
  version "2.0.1"
  resolved "https://registry.yarnpkg.com/filename-regex/-/filename-regex-2.0.1.tgz#c1c4b9bee3e09725ddb106b75c1e301fe2f18b26"

fill-range@^2.1.0:
  version "2.2.3"
  resolved "https://registry.yarnpkg.com/fill-range/-/fill-range-2.2.3.tgz#50b77dfd7e469bc7492470963699fe7a8485a723"
  dependencies:
    is-number "^2.1.0"
    isobject "^2.0.0"
    randomatic "^1.1.3"
    repeat-element "^1.1.2"
    repeat-string "^1.5.2"

for-in@^1.0.1:
  version "1.0.2"
  resolved "https://registry.yarnpkg.com/for-in/-/for-in-1.0.2.tgz#81068d295a8142ec0ac726c6e2200c30fb6d5e80"

for-own@^0.1.4:
  version "0.1.5"
  resolved "https://registry.yarnpkg.com/for-own/-/for-own-0.1.5.tgz#5265c681a4f294dabbf17c9509b6763aa84510ce"
  dependencies:
    for-in "^1.0.1"

fs.realpath@^1.0.0:
  version "1.0.0"
  resolved "https://registry.yarnpkg.com/fs.realpath/-/fs.realpath-1.0.0.tgz#1504ad2523158caa40db4a2787cb01411994ea4f"

glob-base@^0.3.0:
  version "0.3.0"
  resolved "https://registry.yarnpkg.com/glob-base/-/glob-base-0.3.0.tgz#dbb164f6221b1c0b1ccf82aea328b497df0ea3c4"
  dependencies:
    glob-parent "^2.0.0"
    is-glob "^2.0.0"

glob-parent@^2.0.0:
  version "2.0.0"
  resolved "https://registry.yarnpkg.com/glob-parent/-/glob-parent-2.0.0.tgz#81383d72db054fcccf5336daa902f182f6edbb28"
  dependencies:
    is-glob "^2.0.0"

glob@7.1.1:
  version "7.1.1"
  resolved "https://registry.yarnpkg.com/glob/-/glob-7.1.1.tgz#805211df04faaf1c63a3600306cdf5ade50b2ec8"
  dependencies:
    fs.realpath "^1.0.0"
    inflight "^1.0.4"
    inherits "2"
    minimatch "^3.0.2"
    once "^1.3.0"
    path-is-absolute "^1.0.0"

globals@^11.1.0:
  version "11.10.0"
  resolved "http://npm.meitu-int.com/globals/-/globals-11.10.0.tgz#1e09776dffda5e01816b3bb4077c8b59c24eaa50"

"graceful-readlink@>= 1.0.0":
  version "1.0.1"
  resolved "https://registry.yarnpkg.com/graceful-readlink/-/graceful-readlink-1.0.1.tgz#4cafad76bc62f02fa039b2f94e9a3dd3a391a725"

growl@1.9.2:
  version "1.9.2"
  resolved "https://registry.yarnpkg.com/growl/-/growl-1.9.2.tgz#0ea7743715db8d8de2c5ede1775e1b45ac85c02f"

has-flag@^1.0.0:
  version "1.0.0"
  resolved "https://registry.yarnpkg.com/has-flag/-/has-flag-1.0.0.tgz#9d9e793165ce017a00f00418c43f942a7b1d11fa"

has-flag@^2.0.0:
  version "2.0.0"
  resolved "https://registry.yarnpkg.com/has-flag/-/has-flag-2.0.0.tgz#e8207af1cc7b30d446cc70b734b5e8be18f88d51"

he@1.1.1:
  version "1.1.1"
  resolved "https://registry.yarnpkg.com/he/-/he-1.1.1.tgz#93410fd21b009735151f8868c2f271f3427e23fd"

inflight@^1.0.4:
  version "1.0.6"
  resolved "https://registry.yarnpkg.com/inflight/-/inflight-1.0.6.tgz#49bd6331d7d02d0c09bc910a1075ba8165b56df9"
  dependencies:
    once "^1.3.0"
    wrappy "1"

inherits@2:
  version "2.0.3"
  resolved "https://registry.yarnpkg.com/inherits/-/inherits-2.0.3.tgz#633c2c83e3da42a502f52466022480f4208261de"

is-buffer@^1.1.5:
  version "1.1.5"
  resolved "https://registry.yarnpkg.com/is-buffer/-/is-buffer-1.1.5.tgz#1f3b26ef613b214b88cbca23cc6c01d87961eecc"

is-dotfile@^1.0.0:
  version "1.0.3"
  resolved "https://registry.yarnpkg.com/is-dotfile/-/is-dotfile-1.0.3.tgz#a6a2f32ffd2dfb04f5ca25ecd0f6b83cf798a1e1"

is-equal-shallow@^0.1.3:
  version "0.1.3"
  resolved "https://registry.yarnpkg.com/is-equal-shallow/-/is-equal-shallow-0.1.3.tgz#2238098fc221de0bcfa5d9eac4c45d638aa1c534"
  dependencies:
    is-primitive "^2.0.0"

is-extendable@^0.1.1:
  version "0.1.1"
  resolved "https://registry.yarnpkg.com/is-extendable/-/is-extendable-0.1.1.tgz#62b110e289a471418e3ec36a617d472e301dfc89"

is-extglob@^1.0.0:
  version "1.0.0"
  resolved "https://registry.yarnpkg.com/is-extglob/-/is-extglob-1.0.0.tgz#ac468177c4943405a092fc8f29760c6ffc6206c0"

is-glob@^2.0.0, is-glob@^2.0.1:
  version "2.0.1"
  resolved "https://registry.yarnpkg.com/is-glob/-/is-glob-2.0.1.tgz#d096f926a3ded5600f3fdfd91198cb0888c2d863"
  dependencies:
    is-extglob "^1.0.0"

is-module@^1.0.0:
  version "1.0.0"
  resolved "https://registry.yarnpkg.com/is-module/-/is-module-1.0.0.tgz#3258fb69f78c14d5b815d664336b4cffb6441591"

is-number@^2.1.0:
  version "2.1.0"
  resolved "https://registry.yarnpkg.com/is-number/-/is-number-2.1.0.tgz#01fcbbb393463a548f2f466cce16dece49db908f"
  dependencies:
    kind-of "^3.0.2"

is-number@^3.0.0:
  version "3.0.0"
  resolved "https://registry.yarnpkg.com/is-number/-/is-number-3.0.0.tgz#24fd6201a4782cf50561c810276afc7d12d71195"
  dependencies:
    kind-of "^3.0.2"

is-posix-bracket@^0.1.0:
  version "0.1.1"
  resolved "https://registry.yarnpkg.com/is-posix-bracket/-/is-posix-bracket-0.1.1.tgz#3334dc79774368e92f016e6fbc0a88f5cd6e6bc4"

is-primitive@^2.0.0:
  version "2.0.0"
  resolved "https://registry.yarnpkg.com/is-primitive/-/is-primitive-2.0.0.tgz#207bab91638499c07b2adf240a41a87210034575"

isarray@1.0.0:
  version "1.0.0"
  resolved "https://registry.yarnpkg.com/isarray/-/isarray-1.0.0.tgz#bb935d48582cba168c06834957a54a3e07124f11"

isobject@^2.0.0:
  version "2.1.0"
  resolved "https://registry.yarnpkg.com/isobject/-/isobject-2.1.0.tgz#f065561096a3f1da2ef46272f815c840d87e0c89"
  dependencies:
    isarray "1.0.0"

js-tokens@^4.0.0:
  version "4.0.0"
  resolved "http://npm.meitu-int.com/js-tokens/-/js-tokens-4.0.0.tgz#19203fb59991df98e3a287050d4647cdeaf32499"

jsesc@^2.5.1:
  version "2.5.2"
  resolved "http://npm.meitu-int.com/jsesc/-/jsesc-2.5.2.tgz#80564d2e483dacf6e8ef209650a67df3f0c283a4"

json3@3.3.2:
  version "3.3.2"
  resolved "https://registry.yarnpkg.com/json3/-/json3-3.3.2.tgz#3c0434743df93e2f5c42aee7b19bcb483575f4e1"

json5@^2.1.0:
  version "2.1.0"
  resolved "http://npm.meitu-int.com/json5/-/json5-2.1.0.tgz#e7a0c62c48285c628d20a10b85c89bb807c32850"
  dependencies:
    minimist "^1.2.0"

kind-of@^3.0.2:
  version "3.2.2"
  resolved "https://registry.yarnpkg.com/kind-of/-/kind-of-3.2.2.tgz#31ea21a734bab9bbb0f32466d893aea51e4a3c64"
  dependencies:
    is-buffer "^1.1.5"

kind-of@^4.0.0:
  version "4.0.0"
  resolved "https://registry.yarnpkg.com/kind-of/-/kind-of-4.0.0.tgz#20813df3d712928b207378691a45066fae72dd57"
  dependencies:
    is-buffer "^1.1.5"

lodash._baseassign@^3.0.0:
  version "3.2.0"
  resolved "https://registry.yarnpkg.com/lodash._baseassign/-/lodash._baseassign-3.2.0.tgz#8c38a099500f215ad09e59f1722fd0c52bfe0a4e"
  dependencies:
    lodash._basecopy "^3.0.0"
    lodash.keys "^3.0.0"

lodash._basecopy@^3.0.0:
  version "3.0.1"
  resolved "https://registry.yarnpkg.com/lodash._basecopy/-/lodash._basecopy-3.0.1.tgz#8da0e6a876cf344c0ad8a54882111dd3c5c7ca36"

lodash._basecreate@^3.0.0:
  version "3.0.3"
  resolved "https://registry.yarnpkg.com/lodash._basecreate/-/lodash._basecreate-3.0.3.tgz#1bc661614daa7fc311b7d03bf16806a0213cf821"

lodash._getnative@^3.0.0:
  version "3.9.1"
  resolved "https://registry.yarnpkg.com/lodash._getnative/-/lodash._getnative-3.9.1.tgz#570bc7dede46d61cdcde687d65d3eecbaa3aaff5"

lodash._isiterateecall@^3.0.0:
  version "3.0.9"
  resolved "https://registry.yarnpkg.com/lodash._isiterateecall/-/lodash._isiterateecall-3.0.9.tgz#5203ad7ba425fae842460e696db9cf3e6aac057c"

lodash.create@3.1.1:
  version "3.1.1"
  resolved "https://registry.yarnpkg.com/lodash.create/-/lodash.create-3.1.1.tgz#d7f2849f0dbda7e04682bb8cd72ab022461debe7"
  dependencies:
    lodash._baseassign "^3.0.0"
    lodash._basecreate "^3.0.0"
    lodash._isiterateecall "^3.0.0"

lodash.isarguments@^3.0.0:
  version "3.1.0"
  resolved "https://registry.yarnpkg.com/lodash.isarguments/-/lodash.isarguments-3.1.0.tgz#2f573d85c6a24289ff00663b491c1d338ff3458a"

lodash.isarray@^3.0.0:
  version "3.0.4"
  resolved "https://registry.yarnpkg.com/lodash.isarray/-/lodash.isarray-3.0.4.tgz#79e4eb88c36a8122af86f844aa9bcd851b5fbb55"

lodash.isplainobject@^4.0.6:
  version "4.0.6"
  resolved "http://npm.meitu-int.com/lodash.isplainobject/-/lodash.isplainobject-4.0.6.tgz#7c526a52d89b45c45cc690b88163be0497f550cb"

lodash.keys@^3.0.0:
  version "3.1.2"
  resolved "https://registry.yarnpkg.com/lodash.keys/-/lodash.keys-3.1.2.tgz#4dbc0472b156be50a0b286855d1bd0b0c656098a"
  dependencies:
    lodash._getnative "^3.0.0"
    lodash.isarguments "^3.0.0"
    lodash.isarray "^3.0.0"

lodash.some@^4.6.0:
  version "4.6.0"
  resolved "http://npm.meitu-int.com/lodash.some/-/lodash.some-4.6.0.tgz#1bb9f314ef6b8baded13b549169b2a945eb68e4d"

lodash@^4.17.10:
  version "4.17.21"
  resolved "https://registry.yarnpkg.com/lodash/-/lodash-4.17.21.tgz#679591c564c3bffaae8454cf0b3df370c3d6911c"

micromatch@^2.3.11:
  version "2.3.11"
  resolved "https://registry.yarnpkg.com/micromatch/-/micromatch-2.3.11.tgz#86677c97d1720b363431d04d0d15293bd38c1565"
  dependencies:
    arr-diff "^2.0.0"
    array-unique "^0.2.1"
    braces "^1.8.2"
    expand-brackets "^0.1.4"
    extglob "^0.3.1"
    filename-regex "^2.0.0"
    is-extglob "^1.0.0"
    is-glob "^2.0.1"
    kind-of "^3.0.2"
    normalize-path "^2.0.1"
    object.omit "^2.0.0"
    parse-glob "^3.0.4"
    regex-cache "^0.4.2"

minimatch@^3.0.2:
  version "3.0.4"
  resolved "https://registry.yarnpkg.com/minimatch/-/minimatch-3.0.4.tgz#5166e286457f03306064be5497e8dbb0c3d32083"
  dependencies:
    brace-expansion "^1.1.7"

minimist@0.0.8:
  version "0.0.8"
  resolved "https://registry.yarnpkg.com/minimist/-/minimist-0.0.8.tgz#857fcabfc3397d2625b8228262e86aa7a011b05d"

minimist@^1.2.0:
  version "1.2.0"
  resolved "https://registry.yarnpkg.com/minimist/-/minimist-1.2.0.tgz#a35008b20f41383eec1fb914f4cd5df79a264284"

mkdirp@0.5.1:
  version "0.5.1"
  resolved "https://registry.yarnpkg.com/mkdirp/-/mkdirp-0.5.1.tgz#30057438eac6cf7f8c4767f38648d6697d75c903"
  dependencies:
    minimist "0.0.8"

mocha:
  version "3.5.3"
  resolved "https://registry.yarnpkg.com/mocha/-/mocha-3.5.3.tgz#1e0480fe36d2da5858d1eb6acc38418b26eaa20d"
  dependencies:
    browser-stdout "1.3.0"
    commander "2.9.0"
    debug "2.6.8"
    diff "3.2.0"
    escape-string-regexp "1.0.5"
    glob "7.1.1"
    growl "1.9.2"
    he "1.1.1"
    json3 "3.3.2"
    lodash.create "3.1.1"
    mkdirp "0.5.1"
    supports-color "3.1.2"

ms@2.0.0:
  version "2.0.0"
  resolved "https://registry.yarnpkg.com/ms/-/ms-2.0.0.tgz#5608aeadfc00be6c2901df5f9861788de0d597c8"

ms@^2.1.1:
  version "2.1.1"
  resolved "http://npm.meitu-int.com/ms/-/ms-2.1.1.tgz#30a5864eb3ebb0a66f2ebe6d727af06a09d86e0a"

normalize-path@^2.0.1:
  version "2.1.1"
  resolved "https://registry.yarnpkg.com/normalize-path/-/normalize-path-2.1.1.tgz#1ab28b556e198363a8c1a6f7e6fa20137fe6aed9"
  dependencies:
    remove-trailing-separator "^1.0.1"

object.omit@^2.0.0:
  version "2.0.1"
  resolved "https://registry.yarnpkg.com/object.omit/-/object.omit-2.0.1.tgz#1a9c744829f39dbb858c76ca3579ae2a54ebd1fa"
  dependencies:
    for-own "^0.1.4"
    is-extendable "^0.1.1"

once@^1.3.0:
  version "1.4.0"
  resolved "https://registry.yarnpkg.com/once/-/once-1.4.0.tgz#583b1aa775961d4b113ac17d9c50baef9dd76bd1"
  dependencies:
    wrappy "1"

parse-glob@^3.0.4:
  version "3.0.4"
  resolved "https://registry.yarnpkg.com/parse-glob/-/parse-glob-3.0.4.tgz#b2c376cfb11f35513badd173ef0bb6e3a388391c"
  dependencies:
    glob-base "^0.3.0"
    is-dotfile "^1.0.0"
    is-extglob "^1.0.0"
    is-glob "^2.0.0"

path-is-absolute@^1.0.0:
  version "1.0.1"
  resolved "https://registry.yarnpkg.com/path-is-absolute/-/path-is-absolute-1.0.1.tgz#174b9268735534ffbc7ace6bf53a5a9e1b5c5f5f"

path-parse@^1.0.5:
  version "1.0.5"
  resolved "https://registry.yarnpkg.com/path-parse/-/path-parse-1.0.5.tgz#3c1adf871ea9cd6c9431b6ea2bd74a0ff055c4c1"

path-parse@^1.0.6:
  version "1.0.6"
  resolved "http://npm.meitu-int.com/path-parse/-/path-parse-1.0.6.tgz#d62dbb5679405d72c4737ec58600e9ddcf06d24c"

preserve@^0.2.0:
  version "0.2.0"
  resolved "https://registry.yarnpkg.com/preserve/-/preserve-0.2.0.tgz#815ed1f6ebc65926f865b310c0713bcb3315ce4b"

randomatic@^1.1.3:
  version "1.1.7"
  resolved "https://registry.yarnpkg.com/randomatic/-/randomatic-1.1.7.tgz#c7abe9cc8b87c0baa876b19fde83fd464797e38c"
  dependencies:
    is-number "^3.0.0"
    kind-of "^4.0.0"

regex-cache@^0.4.2:
  version "0.4.4"
  resolved "https://registry.yarnpkg.com/regex-cache/-/regex-cache-0.4.4.tgz#75bdc58a2a1496cec48a12835bc54c8d562336dd"
  dependencies:
    is-equal-shallow "^0.1.3"

remove-trailing-separator@^1.0.1:
  version "1.1.0"
  resolved "https://registry.yarnpkg.com/remove-trailing-separator/-/remove-trailing-separator-1.1.0.tgz#c24bce2a283adad5bc3f58e0d48249b92379d8ef"

repeat-element@^1.1.2:
  version "1.1.2"
  resolved "https://registry.yarnpkg.com/repeat-element/-/repeat-element-1.1.2.tgz#ef089a178d1483baae4d93eb98b4f9e4e11d990a"

repeat-string@^1.5.2:
  version "1.6.1"
  resolved "https://registry.yarnpkg.com/repeat-string/-/repeat-string-1.6.1.tgz#8dcae470e1c88abc2d600fff4a776286da75e637"

resolve@1.1.7:
  version "1.1.7"
  resolved "https://registry.yarnpkg.com/resolve/-/resolve-1.1.7.tgz#203114d82ad2c5ed9e8e0411b3932875e889e97b"

resolve@^1.1.6:
  version "1.4.0"
  resolved "https://registry.yarnpkg.com/resolve/-/resolve-1.4.0.tgz#a75be01c53da25d934a98ebd0e4c4a7312f92a86"
  dependencies:
    path-parse "^1.0.5"

resolve@^1.3.2, resolve@^1.8.1:
  version "1.9.0"
  resolved "http://npm.meitu-int.com/resolve/-/resolve-1.9.0.tgz#a14c6fdfa8f92a7df1d996cb7105fa744658ea06"
  dependencies:
    path-parse "^1.0.6"

rollup-plugin-alias@^1.5.1:
  version "1.5.1"
  resolved "http://npm.meitu-int.com/rollup-plugin-alias/-/rollup-plugin-alias-1.5.1.tgz#80cce3a967befda5b09c86abc14a043a78035b46"
  dependencies:
    slash "^2.0.0"

rollup-plugin-babel-minify@^6.2.0:
  version "6.2.0"
  resolved "http://npm.meitu-int.com/rollup-plugin-babel-minify/-/rollup-plugin-babel-minify-6.2.0.tgz#d101fa6c1ff79c67b2af91632a87284bf1bd7f8b"
  dependencies:
    "@babel/core" "^7.0.0"
    "@comandeer/babel-plugin-banner" "^4.0.0"
    babel-preset-minify "^0.5.0"
    sourcemap-codec "^1.4.3"

rollup-plugin-node-resolve:
  version "3.0.0"
  resolved "https://registry.yarnpkg.com/rollup-plugin-node-resolve/-/rollup-plugin-node-resolve-3.0.0.tgz#8b897c4c3030d5001277b0514b25d2ca09683ee0"
  dependencies:
    browser-resolve "^1.11.0"
    builtin-modules "^1.1.0"
    is-module "^1.0.0"
    resolve "^1.1.6"

rollup-plugin-typescript@^1.0.0:
  version "1.0.0"
  resolved "http://npm.meitu-int.com/rollup-plugin-typescript/-/rollup-plugin-typescript-1.0.0.tgz#f7bcefe576011d9d2ebcc725b542ef35fb5005d4"
  dependencies:
    resolve "^1.8.1"
    rollup-pluginutils "^2.3.1"

rollup-pluginutils@^2.3.1:
  version "2.3.3"
  resolved "http://npm.meitu-int.com/rollup-pluginutils/-/rollup-pluginutils-2.3.3.tgz#3aad9b1eb3e7fe8262820818840bf091e5ae6794"
  dependencies:
    estree-walker "^0.5.2"
    micromatch "^2.3.11"

safe-buffer@~5.1.1:
  version "5.1.1"
  resolved "https://registry.yarnpkg.com/safe-buffer/-/safe-buffer-5.1.1.tgz#893312af69b2123def71f57889001671eeb2c853"

semver@^5.4.1:
  version "5.6.0"
  resolved "http://npm.meitu-int.com/semver/-/semver-5.6.0.tgz#7e74256fbaa49c75aa7c7a205cc22799cac80004"

slash@^2.0.0:
  version "2.0.0"
  resolved "http://npm.meitu-int.com/slash/-/slash-2.0.0.tgz#de552851a1759df3a8f206535442f5ec4ddeab44"

source-map@^0.5.0:
  version "0.5.7"
  resolved "http://npm.meitu-int.com/source-map/-/source-map-0.5.7.tgz#8a039d2d1021d22d1ea14c80d8ea468ba2ef3fcc"

sourcemap-codec@^1.4.3:
  version "1.4.4"
  resolved "http://npm.meitu-int.com/sourcemap-codec/-/sourcemap-codec-1.4.4.tgz#c63ea927c029dd6bd9a2b7fa03b3fec02ad56e9f"

supports-color@3.1.2:
  version "3.1.2"
  resolved "https://registry.yarnpkg.com/supports-color/-/supports-color-3.1.2.tgz#72a262894d9d408b956ca05ff37b2ed8a6e2a2d5"
  dependencies:
    has-flag "^1.0.0"

supports-color@^4.0.0:
  version "4.4.0"
  resolved "https://registry.yarnpkg.com/supports-color/-/supports-color-4.4.0.tgz#883f7ddabc165142b2a61427f3352ded195d1a3e"
  dependencies:
    has-flag "^2.0.0"

to-fast-properties@^2.0.0:
  version "2.0.0"
  resolved "https://registry.yarnpkg.com/to-fast-properties/-/to-fast-properties-2.0.0.tgz#dc5e698cbd079265bc73e0377681a4e4e83f616e"

trim-right@^1.0.1:
  version "1.0.1"
  resolved "https://registry.yarnpkg.com/trim-right/-/trim-right-1.0.1.tgz#cb2e1203067e0c8de1f614094b9fe45704ea6003"

tslib@^1.9.3:
  version "1.9.3"
  resolved "http://npm.meitu-int.com/tslib/-/tslib-1.9.3.tgz#d7e4dd79245d85428c4d7e4822a79917954ca286"

typescript@^3.2.2:
  version "3.2.2"
  resolved "http://npm.meitu-int.com/typescript/-/typescript-3.2.2.tgz#fe8101c46aa123f8353523ebdcf5730c2ae493e5"

wrappy@1:
  version "1.0.2"
  resolved "https://registry.yarnpkg.com/wrappy/-/wrappy-1.0.2.tgz#b5243d8f3ec1aa35f1364605bc0d1036e30ab69f"
